
Microsoft Visual Studio Solution File, Format Version 12.00
# Visual Studio Version 17
VisualStudioVersion = 17.5.33530.505
MinimumVisualStudioVersion = 10.0.40219.1
Project("{FAE04EC0-301F-11D3-BF4B-00C04F79EFBC}") = "ZOU-Auth", "ZOU-Auth\ZOU-Auth.csproj", "{97F83022-E52D-4CA4-99D9-0DAA7A24764F}"
EndProject
Global
	GlobalSection(SolutionConfigurationPlatforms) = preSolution
		Debug|Any CPU = Debug|Any CPU
		Release|Any CPU = Release|Any CPU
	EndGlobalSection
	GlobalSection(ProjectConfigurationPlatforms) = postSolution
		{97F83022-E52D-4CA4-99D9-0DAA7A24764F}.Debug|Any CPU.ActiveCfg = Debug|Any CPU
		{97F83022-E52D-4CA4-99D9-0DAA7A24764F}.Debug|Any CPU.Build.0 = Debug|Any CPU
		{97F83022-E52D-4CA4-99D9-0DAA7A24764F}.Release|Any CPU.ActiveCfg = Release|Any CPU
		{97F83022-E52D-4CA4-99D9-0DAA7A24764F}.Release|Any CPU.Build.0 = Release|Any CPU
	EndGlobalSection
	GlobalSection(SolutionProperties) = preSolution
		HideSolutionNode = FALSE
	EndGlobalSection
	GlobalSection(ExtensibilityGlobals) = postSolution
		SolutionGuid = {162C9D90-F74C-4BBA-A3A7-3A8A324E2274}
	EndGlobalSection
EndGlobal
